{
    "_meta": {
        "hash": {
            "sha256": "0710a6d639249dfabf62c340c5fc797f771631dea8eb653e2665da9ad1da3e05"
        },
        "pipfile-spec": 6,
        "requires": {
            "python_version": "3.7"
        },
        "sources": [
            {
                "name": "pypi",
                "url": "https://pypi.org/simple",
                "verify_ssl": true
            }
        ]
    },
    "default": {
        "dls-pmaclib": {
            "editable": true,
            "path": "./../dls_pmaclib"
        },
        "numpy": {
            "hashes": [
                "sha256:4a22dc3f5221a644dfe4a63bf990052cc674ef12a157b1056969079985c92816"
            ],
            "index": "pypi",
            "version": "==1.15.4"
        },
        "pyqt5": {
            "hashes": [
                "sha256:2c309db3035093ea85f08029711d6fbcccf89eded7f8e4f788695d933cfd80a5"
            ],
            "index": "pypi",
            "version": "==5.12.2+dls1"
        },
        "pyserial": {
            "hashes": [
                "sha256:e0770fadba80c31013896c7e6ef703f72e7834965954a78e71a3049488d4d7d8"
            ],
            "version": "==3.4"
        }
    },
    "develop": {}
}
